
Microsoft Visual Studio Solution File, Format Version 12.00
# Visual Studio 15
VisualStudioVersion = 15.0.28307.168
MinimumVisualStudioVersion = 10.0.40219.1
Project("{E53339B2-1760-4266-BCC7-CA923CBCF16C}") = "docker-compose", "docker-compose.dcproj", "{6D820F99-F7AD-4F63-B588-FF29D06F2F5F}"
EndProject
Project("{FAE04EC0-301F-11D3-BF4B-00C04F79EFBC}") = "something.less.api", "something.less.api\something.less.api.csproj", "{95C9DF7A-8E51-4454-A903-F9A2A89D441F}"
EndProject
Global
	GlobalSection(SolutionConfigurationPlatforms) = preSolution
		Debug|Any CPU = Debug|Any CPU
		Release|Any CPU = Release|Any CPU
	EndGlobalSection
	GlobalSection(ProjectConfigurationPlatforms) = postSolution
		{6D820F99-F7AD-4F63-B588-FF29D06F2F5F}.Debug|Any CPU.ActiveCfg = Debug|Any CPU
		{6D820F99-F7AD-4F63-B588-FF29D06F2F5F}.Debug|Any CPU.Build.0 = Debug|Any CPU
		{6D820F99-F7AD-4F63-B588-FF29D06F2F5F}.Release|Any CPU.ActiveCfg = Release|Any CPU
		{6D820F99-F7AD-4F63-B588-FF29D06F2F5F}.Release|Any CPU.Build.0 = Release|Any CPU
		{95C9DF7A-8E51-4454-A903-F9A2A89D441F}.Debug|Any CPU.ActiveCfg = Debug|Any CPU
		{95C9DF7A-8E51-4454-A903-F9A2A89D441F}.Debug|Any CPU.Build.0 = Debug|Any CPU
		{95C9DF7A-8E51-4454-A903-F9A2A89D441F}.Release|Any CPU.ActiveCfg = Release|Any CPU
		{95C9DF7A-8E51-4454-A903-F9A2A89D441F}.Release|Any CPU.Build.0 = Release|Any CPU
	EndGlobalSection
	GlobalSection(SolutionProperties) = preSolution
		HideSolutionNode = FALSE
	EndGlobalSection
	GlobalSection(ExtensibilityGlobals) = postSolution
		SolutionGuid = {1C59C352-2C6B-4643-BB78-2B933C93452E}
	EndGlobalSection
EndGlobal
